
Microsoft Visual Studio Solution File, Format Version 12.00
# Visual Studio Version 17
VisualStudioVersion = 17.11.35327.3
MinimumVisualStudioVersion = 10.0.40219.1
Project("{FAE04EC0-301F-11D3-BF4B-00C04F79EFBC}") = "HrmApp.Web", "HrmApp.Web\HrmApp.Web.csproj", "{D8AB352B-D419-42CC-8046-170B5E9C4B8C}"
EndProject
Project("{FAE04EC0-301F-11D3-BF4B-00C04F79EFBC}") = "HrmApp.Core", "HrmApp.Core\HrmApp.Core.csproj", "{5D85C857-9D48-4FD1-A142-29FE07F20EBC}"
EndProject
Global
	GlobalSection(SolutionConfigurationPlatforms) = preSolution
		Debug|Any CPU = Debug|Any CPU
		Release|Any CPU = Release|Any CPU
	EndGlobalSection
	GlobalSection(ProjectConfigurationPlatforms) = postSolution
		{D8AB352B-D419-42CC-8046-170B5E9C4B8C}.Debug|Any CPU.ActiveCfg = Debug|Any CPU
		{D8AB352B-D419-42CC-8046-170B5E9C4B8C}.Debug|Any CPU.Build.0 = Debug|Any CPU
		{D8AB352B-D419-42CC-8046-170B5E9C4B8C}.Release|Any CPU.ActiveCfg = Release|Any CPU
		{D8AB352B-D419-42CC-8046-170B5E9C4B8C}.Release|Any CPU.Build.0 = Release|Any CPU
		{5D85C857-9D48-4FD1-A142-29FE07F20EBC}.Debug|Any CPU.ActiveCfg = Debug|Any CPU
		{5D85C857-9D48-4FD1-A142-29FE07F20EBC}.Debug|Any CPU.Build.0 = Debug|Any CPU
		{5D85C857-9D48-4FD1-A142-29FE07F20EBC}.Release|Any CPU.ActiveCfg = Release|Any CPU
		{5D85C857-9D48-4FD1-A142-29FE07F20EBC}.Release|Any CPU.Build.0 = Release|Any CPU
	EndGlobalSection
	GlobalSection(SolutionProperties) = preSolution
		HideSolutionNode = FALSE
	EndGlobalSection
	GlobalSection(ExtensibilityGlobals) = postSolution
		SolutionGuid = {80977235-5D1C-4F79-A5E3-1A3E050C65D8}
	EndGlobalSection
EndGlobal
